lockfileVersion: '9.0'

settings:
  autoInstallPeers: true
  excludeLinksFromLockfile: false

importers:

  .:
    dependencies:
      '@google/generative-ai':
        specifier: ^0.21.0
        version: 0.21.0
      '@upstash/redis':
        specifier: ^1.36.2
        version: 1.36.2

packages:

  '@google/generative-ai@0.21.0':
    resolution: {integrity: sha512-7XhUbtnlkSEZK15kN3t+tzIMxsbKm/dSkKBFalj+20NvPKe1kBY7mR2P7vuijEn+f06z5+A8bVGKO0v39cr6Wg==}
    engines: {node: '>=18.0.0'}

  '@upstash/redis@1.36.2':
    resolution: {integrity: sha512-C0Yt8hc12vLaQYRG1fMci8iPrLtnTdbJG0HR5T8vKnvEP/1RdMMblsOJs5/jp0JXZJ1oSzMnQz4J9EVezNpI6A==}

  uncrypto@0.1.3:
    resolution: {integrity: sha512-Ql87qFHB3s/De2ClA9e0gsnS6zXG27SkTiSJwjCc9MebbfapQfuPzumMIUMi38ezPZVNFcHI9sUIepeQfw8J8Q==}

snapshots:

  '@google/generative-ai@0.21.0': {}

  '@upstash/redis@1.36.2':
    dependencies:
      uncrypto: 0.1.3

  uncrypto@0.1.3: {}
